// !$*UTF8*$!
{
	archiveVersion = 1;
	classes = {
	};
	objectVersion = 77;
	objects = {

/* Begin PBXBuildFile section */
		0987C108B164890D8BC63A27 /* MachBoostTests.swift in Sources */ = {isa = PBXBuildFile; fileRef = 10ECC494BAAC1C4D1DDC8EED /* MachBoostTests.swift */; };
		0A3430DC80EBA445322F5720 /* MachBoostDaemonClient.framework in Embed Frameworks */ = {isa = PBXBuildFile; fileRef = 8FAE0E7D9A52B90255424C39 /* MachBoostDaemonClient.framework */; settings = {ATTRIBUTES = (CodeSignOnCopy, RemoveHeadersOnCopy, ); }; };
		0BB1BAC9946E953370C4F975 /* MachBoostAPI.swift in Sources */ = {isa = PBXBuildFile; fileRef = 6AB089EC757DC3AE6A41F230 /* MachBoostAPI.swift */; };
		1C9E4E6E69E7F0F84744660E /* UpdateController.swift in Sources */ = {isa = PBXBuildFile; fileRef = 5C427B3847622D628B344F16 /* UpdateController.swift */; };
		27E688AF9676E42DED5E32D6 /* PersistenceModels.swift in Sources */ = {isa = PBXBuildFile; fileRef = E17FDB86433150ABA6AF28AD /* PersistenceModels.swift */; };
		2AE014D9F9C0E3D500A7EF6C /* UITestMachBoostAPI.swift in Sources */ = {isa = PBXBuildFile; fileRef = 48709DA45E2A1AFBF0DCD64A /* UITestMachBoostAPI.swift */; };
		2D01771AFB3EB6C6AAFE9E8C /* ExtensionsView.swift in Sources */ = {isa = PBXBuildFile; fileRef = FA086D3518F155AACDAE9AB9 /* ExtensionsView.swift */; };
		30B2BB9AEE8AFDD0B4CEBBBA /* ConnectionsView.swift in Sources */ = {isa = PBXBuildFile; fileRef = CBD9A214BE09A2CA78F95549 /* ConnectionsView.swift */; };
		3746FD87157D34B034B053C8 /* MachBoostHostDiscovery.swift in Sources */ = {isa = PBXBuildFile; fileRef = 1710768B3904362005E5F087 /* MachBoostHostDiscovery.swift */; };
		3D12F0E0FE2E28C6A5468B14 /* GenerationTurnMetrics.swift in Sources */ = {isa = PBXBuildFile; fileRef = 260C7716A7D19DA6CD1CCADE /* GenerationTurnMetrics.swift */; };
		4850300E156305AF616FE930 /* Sparkle in Frameworks */ = {isa = PBXBuildFile; productRef = E284163CFFA3CC2C71B3C1CC /* Sparkle */; };
		4A7F15708786794B3614BA7F /* AttachmentStore.swift in Sources */ = {isa = PBXBuildFile; fileRef = D2661046B65C78C18FAFBFED /* AttachmentStore.swift */; };
		4CABF47F885FDD74C37117E1 /* RootView.swift in Sources */ = {isa = PBXBuildFile; fileRef = 2436F81998E2D43F6056D376 /* RootView.swift */; };
		5D338DB8EEBB4A4EDBA60748 /* ServerView.swift in Sources */ = {isa = PBXBuildFile; fileRef = 3915A2BFBF1C814FE0FD65D4 /* ServerView.swift */; };
		5DD9B55F557ACFA7AAF581A1 /* ModelsView.swift in Sources */ = {isa = PBXBuildFile; fileRef = 0EFA8AE4D369703004BF4868 /* ModelsView.swift */; };
		62465861BCFFAEA08CA9DEC6 /* MessageContentView.swift in Sources */ = {isa = PBXBuildFile; fileRef = 5C62A9D5540E53785741BB3B /* MessageContentView.swift */; };
		6C23074F0BD6603DD259ADFC /* MachBoostApp.swift in Sources */ = {isa = PBXBuildFile; fileRef = 714090FF416A6EA959EEC39B /* MachBoostApp.swift */; };
		83071B908AF13ABA8004DA89 /* WorkspaceChangesView.swift in Sources */ = {isa = PBXBuildFile; fileRef = 448DB5E42AE60B53412CCC4D /* WorkspaceChangesView.swift */; };
		8561AF7436B51B362040D2A3 /* AppsView.swift in Sources */ = {isa = PBXBuildFile; fileRef = 184291E3C6C4B05E48E92DE7 /* AppsView.swift */; };
		93BC91102396CE7A20462363 /* ExtensionTools.swift in Sources */ = {isa = PBXBuildFile; fileRef = 33773E2C3B189A7A1CF71383 /* ExtensionTools.swift */; };
		A1E629B42E54BCE71D379C2A /* CodingWorkspace.swift in Sources */ = {isa = PBXBuildFile; fileRef = 80E5D278800F3B196C7595E2 /* CodingWorkspace.swift */; };
		A3ACD221FDF66A145D5980CF /* ChatView.swift in Sources */ = {isa = PBXBuildFile; fileRef = 880BA16ED1FA2BE113A59AD6 /* ChatView.swift */; };
		AA476F2527C980D043F52F8A /* ConversationExporter.swift in Sources */ = {isa = PBXBuildFile; fileRef = 604DB256210FD0992B5F8A6C /* ConversationExporter.swift */; };
		AE67929B45EF5C34FC58DF67 /* AppState.swift in Sources */ = {isa = PBXBuildFile; fileRef = A8F16CEE5C06B74EBF5897BF /* AppState.swift */; };
		B13EB86E24A994C300C7858C /* DaemonManager.swift in Sources */ = {isa = PBXBuildFile; fileRef = A31E8B16876F4F8C49D2AB38 /* DaemonManager.swift */; };
		B4C476FB19A204404CC5DF12 /* KeychainStore.swift in Sources */ = {isa = PBXBuildFile; fileRef = 897AC5550FBF95B6362AB6E6 /* KeychainStore.swift */; };
		BC4F2AC473C27E918148C419 /* APIModels.swift in Sources */ = {isa = PBXBuildFile; fileRef = 600150FBD098A6473249E022 /* APIModels.swift */; };
		D1CCEAE731C6131F2788AC48 /* MachBoostPersistence.framework in Frameworks */ = {isa = PBXBuildFile; fileRef = 84185F3311F3E768BE3347C3 /* MachBoostPersistence.framework */; };
		D31D40691C5E9FFEBE04703E /* SettingsView.swift in Sources */ = {isa = PBXBuildFile; fileRef = 87B97748332FB15E03C019A8 /* SettingsView.swift */; };
		D6E5D248F85B5447DDF0EAE2 /* MachBoostUITests.swift in Sources */ = {isa = PBXBuildFile; fileRef = B5C13DB7C6E6AF6223311FA2 /* MachBoostUITests.swift */; };
		D8244BCFAAD2F230190F23BC /* Assets.xcassets in Resources */ = {isa = PBXBuildFile; fileRef = 9AE21F9C8B888A139F3A8B1B /* Assets.xcassets */; };
		DB18EB5A985179CF74A768B4 /* MachBoostPersistence.framework in Embed Frameworks */ = {isa = PBXBuildFile; fileRef = 84185F3311F3E768BE3347C3 /* MachBoostPersistence.framework */; settings = {ATTRIBUTES = (CodeSignOnCopy, RemoveHeadersOnCopy, ); }; };
		DEE687413E7D71CA327E0AA9 /* MachBoostDaemonClient.framework in Frameworks */ = {isa = PBXBuildFile; fileRef = 8FAE0E7D9A52B90255424C39 /* MachBoostDaemonClient.framework */; };
		F3A9FF23F0DBCABCEC4463E9 /* DomainModels.swift in Sources */ = {isa = PBXBuildFile; fileRef = EE8900B13B2CE90C7E32FF10 /* DomainModels.swift */; };
/* End PBXBuildFile section */

/* Begin PBXContainerItemProxy section */
		2099DC8449190AA4F29B402E /* PBXContainerItemProxy */ = {
			isa = PBXContainerItemProxy;
			containerPortal = D103937D0F66FBDD5681B141 /* Project object */;
			proxyType = 1;
			remoteGlobalIDString = 92C17BC99578975684FD9432;
			remoteInfo = MachBoost;
		};
		37A6A867A3EB5C58CD27194A /* PBXContainerItemProxy */ = {
			isa = PBXContainerItemProxy;
			containerPortal = D103937D0F66FBDD5681B141 /* Project object */;
			proxyType = 1;
			remoteGlobalIDString = 92C17BC99578975684FD9432;
			remoteInfo = MachBoost;
		};
		51C19214BD2DCF07A4801B49 /* PBXContainerItemProxy */ = {
			isa = PBXContainerItemProxy;
			containerPortal = D103937D0F66FBDD5681B141 /* Project object */;
			proxyType = 1;
			remoteGlobalIDString = 094FD7C4BCFEA0C81C01642C;
			remoteInfo = MachBoostDaemonClient;
		};
		8FDD4C7FD44A161ADAADAD6E /* PBXContainerItemProxy */ = {
			isa = PBXContainerItemProxy;
			containerPortal = D103937D0F66FBDD5681B141 /* Project object */;
			proxyType = 1;
			remoteGlobalIDString = 79302B3DFB6856BE3256165F;
			remoteInfo = MachBoostPersistence;
		};
/* End PBXContainerItemProxy section */

/* Begin PBXCopyFilesBuildPhase section */
		04BA640C309D33996D27EDB7 /* Embed Frameworks */ = {
			isa = PBXCopyFilesBuildPhase;
			buildActionMask = 2147483647;
			dstPath = "";
			dstSubfolderSpec = 10;
			files = (
				0A3430DC80EBA445322F5720 /* MachBoostDaemonClient.framework in Embed Frameworks */,
				DB18EB5A985179CF74A768B4 /* MachBoostPersistence.framework in Embed Frameworks */,
			);
			name = "Embed Frameworks";
			runOnlyForDeploymentPostprocessing = 0;
		};
/* End PBXCopyFilesBuildPhase section */

/* Begin PBXFileReference section */
		0EFA8AE4D369703004BF4868 /* ModelsView.swift */ = {isa = PBXFileReference; lastKnownFileType = sourcecode.swift; path = ModelsView.swift; sourceTree = "<group>"; };
		10ECC494BAAC1C4D1DDC8EED /* MachBoostTests.swift */ = {isa = PBXFileReference; lastKnownFileType = sourcecode.swift; path = MachBoostTests.swift; sourceTree = "<group>"; };
		13CE4549CB3CD9BB10752FD5 /* MachBoost.entitlements */ = {isa = PBXFileReference; lastKnownFileType = text.plist.entitlements; path = MachBoost.entitlements; sourceTree = "<group>"; };
		1710768B3904362005E5F087 /* MachBoostHostDiscovery.swift */ = {isa = PBXFileReference; lastKnownFileType = sourcecode.swift; path = MachBoostHostDiscovery.swift; sourceTree = "<group>"; };
		184291E3C6C4B05E48E92DE7 /* AppsView.swift */ = {isa = PBXFileReference; lastKnownFileType = sourcecode.swift; path = AppsView.swift; sourceTree = "<group>"; };
		1B0DFBEEC996B812905DFC15 /* MachBoost.app */ = {isa = PBXFileReference; explicitFileType = wrapper.application; includeInIndex = 0; path = MachBoost.app; sourceTree = BUILT_PRODUCTS_DIR; };
		2436F81998E2D43F6056D376 /* RootView.swift */ = {isa = PBXFileReference; lastKnownFileType = sourcecode.swift; path = RootView.swift; sourceTree = "<group>"; };
		260C7716A7D19DA6CD1CCADE /* GenerationTurnMetrics.swift */ = {isa = PBXFileReference; lastKnownFileType = sourcecode.swift; path = GenerationTurnMetrics.swift; sourceTree = "<group>"; };
		33773E2C3B189A7A1CF71383 /* ExtensionTools.swift */ = {isa = PBXFileReference; lastKnownFileType = sourcecode.swift; path = ExtensionTools.swift; sourceTree = "<group>"; };
		3915A2BFBF1C814FE0FD65D4 /* ServerView.swift */ = {isa = PBXFileReference; lastKnownFileType = sourcecode.swift; path = ServerView.swift; sourceTree = "<group>"; };
		448DB5E42AE60B53412CCC4D /* WorkspaceChangesView.swift */ = {isa = PBXFileReference; lastKnownFileType = sourcecode.swift; path = WorkspaceChangesView.swift; sourceTree = "<group>"; };
		48709DA45E2A1AFBF0DCD64A /* UITestMachBoostAPI.swift */ = {isa = PBXFileReference; lastKnownFileType = sourcecode.swift; path = UITestMachBoostAPI.swift; sourceTree = "<group>"; };
		5C427B3847622D628B344F16 /* UpdateController.swift */ = {isa = PBXFileReference; lastKnownFileType = sourcecode.swift; path = UpdateController.swift; sourceTree = "<group>"; };
		5C62A9D5540E53785741BB3B /* MessageContentView.swift */ = {isa = PBXFileReference; lastKnownFileType = sourcecode.swift; path = MessageContentView.swift; sourceTree = "<group>"; };
		600150FBD098A6473249E022 /* APIModels.swift */ = {isa = PBXFileReference; lastKnownFileType = sourcecode.swift; path = APIModels.swift; sourceTree = "<group>"; };
		604DB256210FD0992B5F8A6C /* ConversationExporter.swift */ = {isa = PBXFileReference; lastKnownFileType = sourcecode.swift; path = ConversationExporter.swift; sourceTree = "<group>"; };
		6AB089EC757DC3AE6A41F230 /* MachBoostAPI.swift */ = {isa = PBXFileReference; lastKnownFileType = sourcecode.swift; path = MachBoostAPI.swift; sourceTree = "<group>"; };
		6D3E0E38EC91A702C4A3F7BB /* MachBoostTests.xctest */ = {isa = PBXFileReference; explicitFileType = wrapper.cfbundle; includeInIndex = 0; path = MachBoostTests.xctest; sourceTree = BUILT_PRODUCTS_DIR; };
		714090FF416A6EA959EEC39B /* MachBoostApp.swift */ = {isa = PBXFileReference; lastKnownFileType = sourcecode.swift; path = MachBoostApp.swift; sourceTree = "<group>"; };
		80E5D278800F3B196C7595E2 /* CodingWorkspace.swift */ = {isa = PBXFileReference; lastKnownFileType = sourcecode.swift; path = CodingWorkspace.swift; sourceTree = "<group>"; };
		84185F3311F3E768BE3347C3 /* MachBoostPersistence.framework */ = {isa = PBXFileReference; explicitFileType = wrapper.framework; includeInIndex = 0; path = MachBoostPersistence.framework; sourceTree = BUILT_PRODUCTS_DIR; };
		87B97748332FB15E03C019A8 /* SettingsView.swift */ = {isa = PBXFileReference; lastKnownFileType = sourcecode.swift; path = SettingsView.swift; sourceTree = "<group>"; };
		880BA16ED1FA2BE113A59AD6 /* ChatView.swift */ = {isa = PBXFileReference; lastKnownFileType = sourcecode.swift; path = ChatView.swift; sourceTree = "<group>"; };
		897AC5550FBF95B6362AB6E6 /* KeychainStore.swift */ = {isa = PBXFileReference; lastKnownFileType = sourcecode.swift; path = KeychainStore.swift; sourceTree = "<group>"; };
		8FAE0E7D9A52B90255424C39 /* MachBoostDaemonClient.framework */ = {isa = PBXFileReference; explicitFileType = wrapper.framework; includeInIndex = 0; path = MachBoostDaemonClient.framework; sourceTree = BUILT_PRODUCTS_DIR; };
		9AE21F9C8B888A139F3A8B1B /* Assets.xcassets */ = {isa = PBXFileReference; lastKnownFileType = folder.assetcatalog; path = Assets.xcassets; sourceTree = "<group>"; };
		A31E8B16876F4F8C49D2AB38 /* DaemonManager.swift */ = {isa = PBXFileReference; lastKnownFileType = sourcecode.swift; path = DaemonManager.swift; sourceTree = "<group>"; };
		A8F16CEE5C06B74EBF5897BF /* AppState.swift */ = {isa = PBXFileReference; lastKnownFileType = sourcecode.swift; path = AppState.swift; sourceTree = "<group>"; };
		B015F7E4554CB7BDFD22B814 /* Info.plist */ = {isa = PBXFileReference; lastKnownFileType = text.plist; path = Info.plist; sourceTree = "<group>"; };
		B4E3E80C4F320139BF2EB1C4 /* MachBoostUITests.xctest */ = {isa = PBXFileReference; explicitFileType = wrapper.cfbundle; includeInIndex = 0; path = MachBoostUITests.xctest; sourceTree = BUILT_PRODUCTS_DIR; };
		B5C13DB7C6E6AF6223311FA2 /* MachBoostUITests.swift */ = {isa = PBXFileReference; lastKnownFileType = sourcecode.swift; path = MachBoostUITests.swift; sourceTree = "<group>"; };
		CBD9A214BE09A2CA78F95549 /* ConnectionsView.swift */ = {isa = PBXFileReference; lastKnownFileType = sourcecode.swift; path = ConnectionsView.swift; sourceTree = "<group>"; };
		D2661046B65C78C18FAFBFED /* AttachmentStore.swift */ = {isa = PBXFileReference; lastKnownFileType = sourcecode.swift; path = AttachmentStore.swift; sourceTree = "<group>"; };
		E17FDB86433150ABA6AF28AD /* PersistenceModels.swift */ = {isa = PBXFileReference; lastKnownFileType = sourcecode.swift; path = PersistenceModels.swift; sourceTree = "<group>"; };
		EE8900B13B2CE90C7E32FF10 /* DomainModels.swift */ = {isa = PBXFileReference; lastKnownFileType = sourcecode.swift; path = DomainModels.swift; sourceTree = "<group>"; };
		FA086D3518F155AACDAE9AB9 /* ExtensionsView.swift */ = {isa = PBXFileReference; lastKnownFileType = sourcecode.swift; path = ExtensionsView.swift; sourceTree = "<group>"; };
/* End PBXFileReference section */

/* Begin PBXFrameworksBuildPhase section */
		974E022D03FA91F5906D0FDB /* Frameworks */ = {
			isa = PBXFrameworksBuildPhase;
			buildActionMask = 2147483647;
			files = (
				DEE687413E7D71CA327E0AA9 /* MachBoostDaemonClient.framework in Frameworks */,
				D1CCEAE731C6131F2788AC48 /* MachBoostPersistence.framework in Frameworks */,
				4850300E156305AF616FE930 /* Sparkle in Frameworks */,
			);
			runOnlyForDeploymentPostprocessing = 0;
		};
/* End PBXFrameworksBuildPhase section */

/* Begin PBXGroup section */
		10E03DE42029D80DA0C9142E /* MachBoostUITests */ = {
			isa = PBXGroup;
			children = (
				B5C13DB7C6E6AF6223311FA2 /* MachBoostUITests.swift */,
			);
			path = MachBoostUITests;
			sourceTree = "<group>";
		};
		2427EADC13622440643F5C58 = {
			isa = PBXGroup;
			children = (
				565F5263509E5EC680F7B786 /* MachBoost */,
				7E3473B613F78B916620EDEF /* MachBoostDaemonClient */,
				FD1A2CBEC856B9444A17A485 /* MachBoostPersistence */,
				3A2359EC92D6AAEEB5BE92AA /* MachBoostTests */,
				10E03DE42029D80DA0C9142E /* MachBoostUITests */,
				EFE0487475770A5F6CE56CA1 /* Products */,
			);
			sourceTree = "<group>";
		};
		3A2359EC92D6AAEEB5BE92AA /* MachBoostTests */ = {
			isa = PBXGroup;
			children = (
				10ECC494BAAC1C4D1DDC8EED /* MachBoostTests.swift */,
			);
			path = MachBoostTests;
			sourceTree = "<group>";
		};
		565F5263509E5EC680F7B786 /* MachBoost */ = {
			isa = PBXGroup;
			children = (
				A8F16CEE5C06B74EBF5897BF /* AppState.swift */,
				184291E3C6C4B05E48E92DE7 /* AppsView.swift */,
				9AE21F9C8B888A139F3A8B1B /* Assets.xcassets */,
				880BA16ED1FA2BE113A59AD6 /* ChatView.swift */,
				80E5D278800F3B196C7595E2 /* CodingWorkspace.swift */,
				CBD9A214BE09A2CA78F95549 /* ConnectionsView.swift */,
				A31E8B16876F4F8C49D2AB38 /* DaemonManager.swift */,
				EE8900B13B2CE90C7E32FF10 /* DomainModels.swift */,
				FA086D3518F155AACDAE9AB9 /* ExtensionsView.swift */,
				33773E2C3B189A7A1CF71383 /* ExtensionTools.swift */,
				260C7716A7D19DA6CD1CCADE /* GenerationTurnMetrics.swift */,
				B015F7E4554CB7BDFD22B814 /* Info.plist */,
				897AC5550FBF95B6362AB6E6 /* KeychainStore.swift */,
				13CE4549CB3CD9BB10752FD5 /* MachBoost.entitlements */,
				714090FF416A6EA959EEC39B /* MachBoostApp.swift */,
				1710768B3904362005E5F087 /* MachBoostHostDiscovery.swift */,
				5C62A9D5540E53785741BB3B /* MessageContentView.swift */,
				0EFA8AE4D369703004BF4868 /* ModelsView.swift */,
				2436F81998E2D43F6056D376 /* RootView.swift */,
				3915A2BFBF1C814FE0FD65D4 /* ServerView.swift */,
				87B97748332FB15E03C019A8 /* SettingsView.swift */,
				48709DA45E2A1AFBF0DCD64A /* UITestMachBoostAPI.swift */,
				5C427B3847622D628B344F16 /* UpdateController.swift */,
				448DB5E42AE60B53412CCC4D /* WorkspaceChangesView.swift */,
			);
			path = MachBoost;
			sourceTree = "<group>";
		};
		7E3473B613F78B916620EDEF /* MachBoostDaemonClient */ = {
			isa = PBXGroup;
			children = (
				600150FBD098A6473249E022 /* APIModels.swift */,
				6AB089EC757DC3AE6A41F230 /* MachBoostAPI.swift */,
			);
			path = MachBoostDaemonClient;
			sourceTree = "<group>";
		};
		EFE0487475770A5F6CE56CA1 /* Products */ = {
			isa = PBXGroup;
			children = (
				1B0DFBEEC996B812905DFC15 /* MachBoost.app */,
				8FAE0E7D9A52B90255424C39 /* MachBoostDaemonClient.framework */,
				84185F3311F3E768BE3347C3 /* MachBoostPersistence.framework */,
				6D3E0E38EC91A702C4A3F7BB /* MachBoostTests.xctest */,
				B4E3E80C4F320139BF2EB1C4 /* MachBoostUITests.xctest */,
			);
			name = Products;
			sourceTree = "<group>";
		};
		FD1A2CBEC856B9444A17A485 /* MachBoostPersistence */ = {
			isa = PBXGroup;
			children = (
				D2661046B65C78C18FAFBFED /* AttachmentStore.swift */,
				604DB256210FD0992B5F8A6C /* ConversationExporter.swift */,
				E17FDB86433150ABA6AF28AD /* PersistenceModels.swift */,
			);
			path = MachBoostPersistence;
			sourceTree = "<group>";
		};
/* End PBXGroup section */

/* Begin PBXNativeTarget section */
		094FD7C4BCFEA0C81C01642C /* MachBoostDaemonClient */ = {
			isa = PBXNativeTarget;
			buildConfigurationList = 03E1DA53F10A032E6374FC88 /* Build configuration list for PBXNativeTarget "MachBoostDaemonClient" */;
			buildPhases = (
				0BB3D8DB734A1864A223BB38 /* Sources */,
			);
			buildRules = (
			);
			dependencies = (
			);
			name = MachBoostDaemonClient;
			packageProductDependencies = (
			);
			productName = MachBoostDaemonClient;
			productReference = 8FAE0E7D9A52B90255424C39 /* MachBoostDaemonClient.framework */;
			productType = "com.apple.product-type.framework";
		};
		749C29BCC7EDAE1BF0083D7C /* MachBoostUITests */ = {
			isa = PBXNativeTarget;
			buildConfigurationList = 3428C00FC1716CB2A691992C /* Build configuration list for PBXNativeTarget "MachBoostUITests" */;
			buildPhases = (
				DAFF2177D7C3ADDB55996CAB /* Sources */,
			);
			buildRules = (
			);
			dependencies = (
				CF606CBA3134BC9808332510 /* PBXTargetDependency */,
			);
			name = MachBoostUITests;
			packageProductDependencies = (
			);
			productName = MachBoostUITests;
			productReference = B4E3E80C4F320139BF2EB1C4 /* MachBoostUITests.xctest */;
			productType = "com.apple.product-type.bundle.ui-testing";
		};
		79302B3DFB6856BE3256165F /* MachBoostPersistence */ = {
			isa = PBXNativeTarget;
			buildConfigurationList = 25F013D6387A36CFA1812DFC /* Build configuration list for PBXNativeTarget "MachBoostPersistence" */;
			buildPhases = (
				4D69ED22C8AF850295AE14CD /* Sources */,
			);
			buildRules = (
			);
			dependencies = (
			);
			name = MachBoostPersistence;
			packageProductDependencies = (
			);
			productName = MachBoostPersistence;
			productReference = 84185F3311F3E768BE3347C3 /* MachBoostPersistence.framework */;
			productType = "com.apple.product-type.framework";
		};
		7C9618CBD58BF5B78FD41FDE /* MachBoostTests */ = {
			isa = PBXNativeTarget;
			buildConfigurationList = 0D653B3F9999A4A6FC127262 /* Build configuration list for PBXNativeTarget "MachBoostTests" */;
			buildPhases = (
				A6228B39231137EA27F44FFD /* Sources */,
			);
			buildRules = (
			);
			dependencies = (
				1FCA0AB76F54A65AB143201A /* PBXTargetDependency */,
			);
			name = MachBoostTests;
			packageProductDependencies = (
			);
			productName = MachBoostTests;
			productReference = 6D3E0E38EC91A702C4A3F7BB /* MachBoostTests.xctest */;
			productType = "com.apple.product-type.bundle.unit-test";
		};
		92C17BC99578975684FD9432 /* MachBoost */ = {
			isa = PBXNativeTarget;
			buildConfigurationList = 03C8DB0EEC2B99F9CB9C6D71 /* Build configuration list for PBXNativeTarget "MachBoost" */;
			buildPhases = (
				410935668BA6D99E86D202C6 /* Sources */,
				C5DF0D5F4A7C44A18B741B7A /* Resources */,
				974E022D03FA91F5906D0FDB /* Frameworks */,
				04BA640C309D33996D27EDB7 /* Embed Frameworks */,
			);
			buildRules = (
			);
			dependencies = (
				096DBA917F9AF3701879F39D /* PBXTargetDependency */,
				7693D54E025986EE292A7C12 /* PBXTargetDependency */,
			);
			name = MachBoost;
			packageProductDependencies = (
				E284163CFFA3CC2C71B3C1CC /* Sparkle */,
			);
			productName = MachBoost;
			productReference = 1B0DFBEEC996B812905DFC15 /* MachBoost.app */;
			productType = "com.apple.product-type.application";
		};
/* End PBXNativeTarget section */

/* Begin PBXProject section */
		D103937D0F66FBDD5681B141 /* Project object */ = {
			isa = PBXProject;
			attributes = {
				BuildIndependentTargetsInParallel = YES;
				LastUpgradeCheck = 1600;
				TargetAttributes = {
					094FD7C4BCFEA0C81C01642C = {
						DevelopmentTeam = "";
						ProvisioningStyle = Automatic;
					};
					749C29BCC7EDAE1BF0083D7C = {
						DevelopmentTeam = "";
						ProvisioningStyle = Automatic;
						TestTargetID = 92C17BC99578975684FD9432;
					};
					79302B3DFB6856BE3256165F = {
						DevelopmentTeam = "";
						ProvisioningStyle = Automatic;
					};
					7C9618CBD58BF5B78FD41FDE = {
						DevelopmentTeam = "";
						ProvisioningStyle = Automatic;
					};
					92C17BC99578975684FD9432 = {
						DevelopmentTeam = "";
						ProvisioningStyle = Automatic;
					};
				};
			};
			buildConfigurationList = 6F5C16A1E0944869E66258B9 /* Build configuration list for PBXProject "MachBoost" */;
			developmentRegion = en;
			hasScannedForEncodings = 0;
			knownRegions = (
				Base,
				en,
			);
			mainGroup = 2427EADC13622440643F5C58;
			minimizedProjectReferenceProxies = 1;
			packageReferences = (
				1AF0DD98AD792DCB82A4A8A9 /* XCRemoteSwiftPackageReference "Sparkle" */,
			);
			preferredProjectObjectVersion = 77;
			productRefGroup = EFE0487475770A5F6CE56CA1 /* Products */;
			projectDirPath = "";
			projectRoot = "";
			targets = (
				094FD7C4BCFEA0C81C01642C /* MachBoostDaemonClient */,
				79302B3DFB6856BE3256165F /* MachBoostPersistence */,
				92C17BC99578975684FD9432 /* MachBoost */,
				7C9618CBD58BF5B78FD41FDE /* MachBoostTests */,
				749C29BCC7EDAE1BF0083D7C /* MachBoostUITests */,
			);
		};
/* End PBXProject section */

/* Begin PBXResourcesBuildPhase section */
		C5DF0D5F4A7C44A18B741B7A /* Resources */ = {
			isa = PBXResourcesBuildPhase;
			buildActionMask = 2147483647;
			files = (
				D8244BCFAAD2F230190F23BC /* Assets.xcassets in Resources */,
			);
			runOnlyForDeploymentPostprocessing = 0;
		};
/* End PBXResourcesBuildPhase section */

/* Begin PBXSourcesBuildPhase section */
		0BB3D8DB734A1864A223BB38 /* Sources */ = {
			isa = PBXSourcesBuildPhase;
			buildActionMask = 2147483647;
			files = (
				BC4F2AC473C27E918148C419 /* APIModels.swift in Sources */,
				0BB1BAC9946E953370C4F975 /* MachBoostAPI.swift in Sources */,
			);
			runOnlyForDeploymentPostprocessing = 0;
		};
		410935668BA6D99E86D202C6 /* Sources */ = {
			isa = PBXSourcesBuildPhase;
			buildActionMask = 2147483647;
			files = (
				AE67929B45EF5C34FC58DF67 /* AppState.swift in Sources */,
				8561AF7436B51B362040D2A3 /* AppsView.swift in Sources */,
				A3ACD221FDF66A145D5980CF /* ChatView.swift in Sources */,
				A1E629B42E54BCE71D379C2A /* CodingWorkspace.swift in Sources */,
				30B2BB9AEE8AFDD0B4CEBBBA /* ConnectionsView.swift in Sources */,
				B13EB86E24A994C300C7858C /* DaemonManager.swift in Sources */,
				F3A9FF23F0DBCABCEC4463E9 /* DomainModels.swift in Sources */,
				93BC91102396CE7A20462363 /* ExtensionTools.swift in Sources */,
				2D01771AFB3EB6C6AAFE9E8C /* ExtensionsView.swift in Sources */,
				3D12F0E0FE2E28C6A5468B14 /* GenerationTurnMetrics.swift in Sources */,
				B4C476FB19A204404CC5DF12 /* KeychainStore.swift in Sources */,
				6C23074F0BD6603DD259ADFC /* MachBoostApp.swift in Sources */,
				3746FD87157D34B034B053C8 /* MachBoostHostDiscovery.swift in Sources */,
				62465861BCFFAEA08CA9DEC6 /* MessageContentView.swift in Sources */,
				5DD9B55F557ACFA7AAF581A1 /* ModelsView.swift in Sources */,
				4CABF47F885FDD74C37117E1 /* RootView.swift in Sources */,
				5D338DB8EEBB4A4EDBA60748 /* ServerView.swift in Sources */,
				D31D40691C5E9FFEBE04703E /* SettingsView.swift in Sources */,
				2AE014D9F9C0E3D500A7EF6C /* UITestMachBoostAPI.swift in Sources */,
				1C9E4E6E69E7F0F84744660E /* UpdateController.swift in Sources */,
				83071B908AF13ABA8004DA89 /* WorkspaceChangesView.swift in Sources */,
			);
			runOnlyForDeploymentPostprocessing = 0;
		};
		4D69ED22C8AF850295AE14CD /* Sources */ = {
			isa = PBXSourcesBuildPhase;
			buildActionMask = 2147483647;
			files = (
				4A7F15708786794B3614BA7F /* AttachmentStore.swift in Sources */,
				AA476F2527C980D043F52F8A /* ConversationExporter.swift in Sources */,
				27E688AF9676E42DED5E32D6 /* PersistenceModels.swift in Sources */,
			);
			runOnlyForDeploymentPostprocessing = 0;
		};
		A6228B39231137EA27F44FFD /* Sources */ = {
			isa = PBXSourcesBuildPhase;
			buildActionMask = 2147483647;
			files = (
				0987C108B164890D8BC63A27 /* MachBoostTests.swift in Sources */,
			);
			runOnlyForDeploymentPostprocessing = 0;
		};
		DAFF2177D7C3ADDB55996CAB /* Sources */ = {
			isa = PBXSourcesBuildPhase;
			buildActionMask = 2147483647;
			files = (
				D6E5D248F85B5447DDF0EAE2 /* MachBoostUITests.swift in Sources */,
			);
			runOnlyForDeploymentPostprocessing = 0;
		};
/* End PBXSourcesBuildPhase section */

/* Begin PBXTargetDependency section */
		096DBA917F9AF3701879F39D /* PBXTargetDependency */ = {
			isa = PBXTargetDependency;
			target = 094FD7C4BCFEA0C81C01642C /* MachBoostDaemonClient */;
			targetProxy = 51C19214BD2DCF07A4801B49 /* PBXContainerItemProxy */;
		};
		1FCA0AB76F54A65AB143201A /* PBXTargetDependency */ = {
			isa = PBXTargetDependency;
			target = 92C17BC99578975684FD9432 /* MachBoost */;
			targetProxy = 37A6A867A3EB5C58CD27194A /* PBXContainerItemProxy */;
		};
		7693D54E025986EE292A7C12 /* PBXTargetDependency */ = {
			isa = PBXTargetDependency;
			target = 79302B3DFB6856BE3256165F /* MachBoostPersistence */;
			targetProxy = 8FDD4C7FD44A161ADAADAD6E /* PBXContainerItemProxy */;
		};
		CF606CBA3134BC9808332510 /* PBXTargetDependency */ = {
			isa = PBXTargetDependency;
			target = 92C17BC99578975684FD9432 /* MachBoost */;
			targetProxy = 2099DC8449190AA4F29B402E /* PBXContainerItemProxy */;
		};
/* End PBXTargetDependency section */

/* Begin XCBuildConfiguration section */
		048BF03F6DD451255AB78968 /* Release */ = {
			isa = XCBuildConfiguration;
			buildSettings = {
				BUNDLE_LOADER = "$(TEST_HOST)";
				COMBINE_HIDPI_IMAGES = YES;
				GENERATE_INFOPLIST_FILE = YES;
				LD_RUNPATH_SEARCH_PATHS = (
					"$(inherited)",
					"@executable_path/../Frameworks",
					"@loader_path/../Frameworks",
				);
				PRODUCT_BUNDLE_IDENTIFIER = io.machboost.MachBoostTests;
				SDKROOT = macosx;
				TEST_HOST = "$(BUILT_PRODUCTS_DIR)/MachBoost.app/Contents/MacOS/MachBoost";
			};
			name = Release;
		};
		0E874B35C6A7F17A4B98A7DD /* Debug */ = {
			isa = XCBuildConfiguration;
			buildSettings = {
				BUNDLE_LOADER = "$(TEST_HOST)";
				COMBINE_HIDPI_IMAGES = YES;
				ENABLE_HARDENED_RUNTIME = NO;
				GENERATE_INFOPLIST_FILE = YES;
				LD_RUNPATH_SEARCH_PATHS = (
					"$(inherited)",
					"@executable_path/Frameworks",
					"@loader_path/Frameworks",
				);
				PRODUCT_BUNDLE_IDENTIFIER = io.machboost.MachBoostUITests;
				SDKROOT = macosx;
				TEST_TARGET_NAME = MachBoost;
			};
			name = Debug;
		};
		4330A9E9B555D861C7F68441 /* Release */ = {
			isa = XCBuildConfiguration;
			buildSettings = {
				ALWAYS_SEARCH_USER_PATHS = NO;
				ARCHS = arm64;
				CLANG_ANALYZER_NONNULL = YES;
				CLANG_ANALYZER_NUMBER_OBJECT_CONVERSION = YES_AGGRESSIVE;
				CLANG_CXX_LANGUAGE_STANDARD = "gnu++14";
				CLANG_CXX_LIBRARY = "libc++";
				CLANG_ENABLE_MODULES = YES;
				CLANG_ENABLE_OBJC_ARC = YES;
				CLANG_ENABLE_OBJC_WEAK = YES;
				CLANG_WARN_BLOCK_CAPTURE_AUTORELEASING = YES;
				CLANG_WARN_BOOL_CONVERSION = YES;
				CLANG_WARN_COMMA = YES;
				CLANG_WARN_CONSTANT_CONVERSION = YES;
				CLANG_WARN_DEPRECATED_OBJC_IMPLEMENTATIONS = YES;
				CLANG_WARN_DIRECT_OBJC_ISA_USAGE = YES_ERROR;
				CLANG_WARN_DOCUMENTATION_COMMENTS = YES;
				CLANG_WARN_EMPTY_BODY = YES;
				CLANG_WARN_ENUM_CONVERSION = YES;
				CLANG_WARN_INFINITE_RECURSION = YES;
				CLANG_WARN_INT_CONVERSION = YES;
				CLANG_WARN_NON_LITERAL_NULL_CONVERSION = YES;
				CLANG_WARN_OBJC_IMPLICIT_RETAIN_SELF = YES;
				CLANG_WARN_OBJC_LITERAL_CONVERSION = YES;
				CLANG_WARN_OBJC_ROOT_CLASS = YES_ERROR;
				CLANG_WARN_QUOTED_INCLUDE_IN_FRAMEWORK_HEADER = YES;
				CLANG_WARN_RANGE_LOOP_ANALYSIS = YES;
				CLANG_WARN_STRICT_PROTOTYPES = YES;
				CLANG_WARN_SUSPICIOUS_MOVE = YES;
				CLANG_WARN_UNGUARDED_AVAILABILITY = YES_AGGRESSIVE;
				CLANG_WARN_UNREACHABLE_CODE = YES;
				CLANG_WARN__DUPLICATE_METHOD_MATCH = YES;
				CODE_SIGN_STYLE = Automatic;
				COPY_PHASE_STRIP = NO;
				CURRENT_PROJECT_VERSION = 16004;
				DEBUG_INFORMATION_FORMAT = "dwarf-with-dsym";
				DEVELOPMENT_TEAM = "";
				ENABLE_HARDENED_RUNTIME = YES;
				ENABLE_NS_ASSERTIONS = NO;
				ENABLE_STRICT_OBJC_MSGSEND = YES;
				GCC_C_LANGUAGE_STANDARD = gnu11;
				GCC_NO_COMMON_BLOCKS = YES;
				GCC_WARN_64_TO_32_BIT_CONVERSION = YES;
				GCC_WARN_ABOUT_RETURN_TYPE = YES_ERROR;
				GCC_WARN_UNDECLARED_SELECTOR = YES;
				GCC_WARN_UNINITIALIZED_AUTOS = YES_AGGRESSIVE;
				GCC_WARN_UNUSED_FUNCTION = YES;
				GCC_WARN_UNUSED_VARIABLE = YES;
				GENERATE_INFOPLIST_FILE = NO;
				MACHBOOST_REPOSITORY = machboost/machboost;
				MACOSX_DEPLOYMENT_TARGET = 14.0;
				MARKETING_VERSION = 0.16.4;
				MTL_ENABLE_DEBUG_INFO = NO;
				MTL_FAST_MATH = YES;
				PRODUCT_NAME = "$(TARGET_NAME)";
				SDKROOT = macosx;
				SPARKLE_PUBLIC_ED_KEY = "AEPVQK/X1xhsRAJKfSGyFDEmwxQnf9nUhisRH8WW8i8=";
				SWIFT_COMPILATION_MODE = wholemodule;
				SWIFT_OPTIMIZATION_LEVEL = "-O";
				SWIFT_VERSION = 6.0;
			};
			name = Release;
		};
		4878F49AB2B7638084114778 /* Release */ = {
			isa = XCBuildConfiguration;
			buildSettings = {
				ASSETCATALOG_COMPILER_APPICON_NAME = AppIcon;
				CODE_SIGN_ENTITLEMENTS = MachBoost/MachBoost.entitlements;
				COMBINE_HIDPI_IMAGES = YES;
				INFOPLIST_FILE = MachBoost/Info.plist;
				LD_RUNPATH_SEARCH_PATHS = (
					"$(inherited)",
					"@executable_path/../Frameworks",
				);
				PRODUCT_BUNDLE_IDENTIFIER = io.machboost.MachBoost;
				PRODUCT_NAME = MachBoost;
				SDKROOT = macosx;
			};
			name = Release;
		};
		8B5B47DA3A982EEEFD8CAD9A /* Debug */ = {
			isa = XCBuildConfiguration;
			buildSettings = {
				CODE_SIGN_IDENTITY = "";
				COMBINE_HIDPI_IMAGES = YES;
				CURRENT_PROJECT_VERSION = 1;
				DEFINES_MODULE = YES;
				DYLIB_COMPATIBILITY_VERSION = 1;
				DYLIB_CURRENT_VERSION = 1;
				DYLIB_INSTALL_NAME_BASE = "@rpath";
				GENERATE_INFOPLIST_FILE = YES;
				INSTALL_PATH = "$(LOCAL_LIBRARY_DIR)/Frameworks";
				LD_RUNPATH_SEARCH_PATHS = (
					"$(inherited)",
					"@executable_path/../Frameworks",
				);
				PRODUCT_BUNDLE_IDENTIFIER = io.machboost.MachBoostDaemonClient;
				SDKROOT = macosx;
				SKIP_INSTALL = YES;
				VERSIONING_SYSTEM = "apple-generic";
			};
			name = Debug;
		};
		9C4C0309D177AE11CB451C19 /* Debug */ = {
			isa = XCBuildConfiguration;
			buildSettings = {
				ALWAYS_SEARCH_USER_PATHS = NO;
				ARCHS = arm64;
				CLANG_ANALYZER_NONNULL = YES;
				CLANG_ANALYZER_NUMBER_OBJECT_CONVERSION = YES_AGGRESSIVE;
				CLANG_CXX_LANGUAGE_STANDARD = "gnu++14";
				CLANG_CXX_LIBRARY = "libc++";
				CLANG_ENABLE_MODULES = YES;
				CLANG_ENABLE_OBJC_ARC = YES;
				CLANG_ENABLE_OBJC_WEAK = YES;
				CLANG_WARN_BLOCK_CAPTURE_AUTORELEASING = YES;
				CLANG_WARN_BOOL_CONVERSION = YES;
				CLANG_WARN_COMMA = YES;
				CLANG_WARN_CONSTANT_CONVERSION = YES;
				CLANG_WARN_DEPRECATED_OBJC_IMPLEMENTATIONS = YES;
				CLANG_WARN_DIRECT_OBJC_ISA_USAGE = YES_ERROR;
				CLANG_WARN_DOCUMENTATION_COMMENTS = YES;
				CLANG_WARN_EMPTY_BODY = YES;
				CLANG_WARN_ENUM_CONVERSION = YES;
				CLANG_WARN_INFINITE_RECURSION = YES;
				CLANG_WARN_INT_CONVERSION = YES;
				CLANG_WARN_NON_LITERAL_NULL_CONVERSION = YES;
				CLANG_WARN_OBJC_IMPLICIT_RETAIN_SELF = YES;
				CLANG_WARN_OBJC_LITERAL_CONVERSION = YES;
				CLANG_WARN_OBJC_ROOT_CLASS = YES_ERROR;
				CLANG_WARN_QUOTED_INCLUDE_IN_FRAMEWORK_HEADER = YES;
				CLANG_WARN_RANGE_LOOP_ANALYSIS = YES;
				CLANG_WARN_STRICT_PROTOTYPES = YES;
				CLANG_WARN_SUSPICIOUS_MOVE = YES;
				CLANG_WARN_UNGUARDED_AVAILABILITY = YES_AGGRESSIVE;
				CLANG_WARN_UNREACHABLE_CODE = YES;
				CLANG_WARN__DUPLICATE_METHOD_MATCH = YES;
				CODE_SIGN_STYLE = Automatic;
				COPY_PHASE_STRIP = NO;
				CURRENT_PROJECT_VERSION = 16004;
				DEBUG_INFORMATION_FORMAT = dwarf;
				DEVELOPMENT_TEAM = "";
				ENABLE_HARDENED_RUNTIME = YES;
				ENABLE_STRICT_OBJC_MSGSEND = YES;
				ENABLE_TESTABILITY = YES;
				GCC_C_LANGUAGE_STANDARD = gnu11;
				GCC_DYNAMIC_NO_PIC = NO;
				GCC_NO_COMMON_BLOCKS = YES;
				GCC_OPTIMIZATION_LEVEL = 0;
				GCC_PREPROCESSOR_DEFINITIONS = (
					"$(inherited)",
					"DEBUG=1",
				);
				GCC_WARN_64_TO_32_BIT_CONVERSION = YES;
				GCC_WARN_ABOUT_RETURN_TYPE = YES_ERROR;
				GCC_WARN_UNDECLARED_SELECTOR = YES;
				GCC_WARN_UNINITIALIZED_AUTOS = YES_AGGRESSIVE;
				GCC_WARN_UNUSED_FUNCTION = YES;
				GCC_WARN_UNUSED_VARIABLE = YES;
				GENERATE_INFOPLIST_FILE = NO;
				MACHBOOST_REPOSITORY = machboost/machboost;
				MACOSX_DEPLOYMENT_TARGET = 14.0;
				MARKETING_VERSION = 0.16.4;
				MTL_ENABLE_DEBUG_INFO = INCLUDE_SOURCE;
				MTL_FAST_MATH = YES;
				ONLY_ACTIVE_ARCH = YES;
				PRODUCT_NAME = "$(TARGET_NAME)";
				SDKROOT = macosx;
				SPARKLE_PUBLIC_ED_KEY = "AEPVQK/X1xhsRAJKfSGyFDEmwxQnf9nUhisRH8WW8i8=";
				SWIFT_ACTIVE_COMPILATION_CONDITIONS = DEBUG;
				SWIFT_OPTIMIZATION_LEVEL = "-Onone";
				SWIFT_VERSION = 6.0;
			};
			name = Debug;
		};
		BB51CFBAE6D50AE983C9F797 /* Release */ = {
			isa = XCBuildConfiguration;
			buildSettings = {
				CODE_SIGN_IDENTITY = "";
				COMBINE_HIDPI_IMAGES = YES;
				CURRENT_PROJECT_VERSION = 1;
				DEFINES_MODULE = YES;
				DYLIB_COMPATIBILITY_VERSION = 1;
				DYLIB_CURRENT_VERSION = 1;
				DYLIB_INSTALL_NAME_BASE = "@rpath";
				GENERATE_INFOPLIST_FILE = YES;
				INSTALL_PATH = "$(LOCAL_LIBRARY_DIR)/Frameworks";
				LD_RUNPATH_SEARCH_PATHS = (
					"$(inherited)",
					"@executable_path/../Frameworks",
				);
				PRODUCT_BUNDLE_IDENTIFIER = io.machboost.MachBoostPersistence;
				SDKROOT = macosx;
				SKIP_INSTALL = YES;
				VERSIONING_SYSTEM = "apple-generic";
			};
			name = Release;
		};
		D8D033C4997447C2CE2C10DB /* Debug */ = {
			isa = XCBuildConfiguration;
			buildSettings = {
				CODE_SIGN_IDENTITY = "";
				COMBINE_HIDPI_IMAGES = YES;
				CURRENT_PROJECT_VERSION = 1;
				DEFINES_MODULE = YES;
				DYLIB_COMPATIBILITY_VERSION = 1;
				DYLIB_CURRENT_VERSION = 1;
				DYLIB_INSTALL_NAME_BASE = "@rpath";
				GENERATE_INFOPLIST_FILE = YES;
				INSTALL_PATH = "$(LOCAL_LIBRARY_DIR)/Frameworks";
				LD_RUNPATH_SEARCH_PATHS = (
					"$(inherited)",
					"@executable_path/../Frameworks",
				);
				PRODUCT_BUNDLE_IDENTIFIER = io.machboost.MachBoostPersistence;
				SDKROOT = macosx;
				SKIP_INSTALL = YES;
				VERSIONING_SYSTEM = "apple-generic";
			};
			name = Debug;
		};
		DA4CF82F46FF1D4F5961EB80 /* Debug */ = {
			isa = XCBuildConfiguration;
			buildSettings = {
				BUNDLE_LOADER = "$(TEST_HOST)";
				COMBINE_HIDPI_IMAGES = YES;
				GENERATE_INFOPLIST_FILE = YES;
				LD_RUNPATH_SEARCH_PATHS = (
					"$(inherited)",
					"@executable_path/../Frameworks",
					"@loader_path/../Frameworks",
				);
				PRODUCT_BUNDLE_IDENTIFIER = io.machboost.MachBoostTests;
				SDKROOT = macosx;
				TEST_HOST = "$(BUILT_PRODUCTS_DIR)/MachBoost.app/Contents/MacOS/MachBoost";
			};
			name = Debug;
		};
		F03F64C65EC1DA1AA7490E99 /* Debug */ = {
			isa = XCBuildConfiguration;
			buildSettings = {
				ASSETCATALOG_COMPILER_APPICON_NAME = AppIcon;
				CODE_SIGN_ENTITLEMENTS = MachBoost/MachBoost.entitlements;
				COMBINE_HIDPI_IMAGES = YES;
				INFOPLIST_FILE = MachBoost/Info.plist;
				LD_RUNPATH_SEARCH_PATHS = (
					"$(inherited)",
					"@executable_path/../Frameworks",
				);
				PRODUCT_BUNDLE_IDENTIFIER = io.machboost.MachBoost;
				PRODUCT_NAME = MachBoost;
				SDKROOT = macosx;
			};
			name = Debug;
		};
		F0E158AC484D53BD686A82EC /* Release */ = {
			isa = XCBuildConfiguration;
			buildSettings = {
				CODE_SIGN_IDENTITY = "";
				COMBINE_HIDPI_IMAGES = YES;
				CURRENT_PROJECT_VERSION = 1;
				DEFINES_MODULE = YES;
				DYLIB_COMPATIBILITY_VERSION = 1;
				DYLIB_CURRENT_VERSION = 1;
				DYLIB_INSTALL_NAME_BASE = "@rpath";
				GENERATE_INFOPLIST_FILE = YES;
				INSTALL_PATH = "$(LOCAL_LIBRARY_DIR)/Frameworks";
				LD_RUNPATH_SEARCH_PATHS = (
					"$(inherited)",
					"@executable_path/../Frameworks",
				);
				PRODUCT_BUNDLE_IDENTIFIER = io.machboost.MachBoostDaemonClient;
				SDKROOT = macosx;
				SKIP_INSTALL = YES;
				VERSIONING_SYSTEM = "apple-generic";
			};
			name = Release;
		};
		FE50B1F45C32AFBB6ED81A24 /* Release */ = {
			isa = XCBuildConfiguration;
			buildSettings = {
				BUNDLE_LOADER = "$(TEST_HOST)";
				COMBINE_HIDPI_IMAGES = YES;
				ENABLE_HARDENED_RUNTIME = NO;
				GENERATE_INFOPLIST_FILE = YES;
				LD_RUNPATH_SEARCH_PATHS = (
					"$(inherited)",
					"@executable_path/Frameworks",
					"@loader_path/Frameworks",
				);
				PRODUCT_BUNDLE_IDENTIFIER = io.machboost.MachBoostUITests;
				SDKROOT = macosx;
				TEST_TARGET_NAME = MachBoost;
			};
			name = Release;
		};
/* End XCBuildConfiguration section */

/* Begin XCConfigurationList section */
		03C8DB0EEC2B99F9CB9C6D71 /* Build configuration list for PBXNativeTarget "MachBoost" */ = {
			isa = XCConfigurationList;
			buildConfigurations = (
				F03F64C65EC1DA1AA7490E99 /* Debug */,
				4878F49AB2B7638084114778 /* Release */,
			);
			defaultConfigurationIsVisible = 0;
			defaultConfigurationName = Debug;
		};
		03E1DA53F10A032E6374FC88 /* Build configuration list for PBXNativeTarget "MachBoostDaemonClient" */ = {
			isa = XCConfigurationList;
			buildConfigurations = (
				8B5B47DA3A982EEEFD8CAD9A /* Debug */,
				F0E158AC484D53BD686A82EC /* Release */,
			);
			defaultConfigurationIsVisible = 0;
			defaultConfigurationName = Debug;
		};
		0D653B3F9999A4A6FC127262 /* Build configuration list for PBXNativeTarget "MachBoostTests" */ = {
			isa = XCConfigurationList;
			buildConfigurations = (
				DA4CF82F46FF1D4F5961EB80 /* Debug */,
				048BF03F6DD451255AB78968 /* Release */,
			);
			defaultConfigurationIsVisible = 0;
			defaultConfigurationName = Debug;
		};
		25F013D6387A36CFA1812DFC /* Build configuration list for PBXNativeTarget "MachBoostPersistence" */ = {
			isa = XCConfigurationList;
			buildConfigurations = (
				D8D033C4997447C2CE2C10DB /* Debug */,
				BB51CFBAE6D50AE983C9F797 /* Release */,
			);
			defaultConfigurationIsVisible = 0;
			defaultConfigurationName = Debug;
		};
		3428C00FC1716CB2A691992C /* Build configuration list for PBXNativeTarget "MachBoostUITests" */ = {
			isa = XCConfigurationList;
			buildConfigurations = (
				0E874B35C6A7F17A4B98A7DD /* Debug */,
				FE50B1F45C32AFBB6ED81A24 /* Release */,
			);
			defaultConfigurationIsVisible = 0;
			defaultConfigurationName = Debug;
		};
		6F5C16A1E0944869E66258B9 /* Build configuration list for PBXProject "MachBoost" */ = {
			isa = XCConfigurationList;
			buildConfigurations = (
				9C4C0309D177AE11CB451C19 /* Debug */,
				4330A9E9B555D861C7F68441 /* Release */,
			);
			defaultConfigurationIsVisible = 0;
			defaultConfigurationName = Debug;
		};
/* End XCConfigurationList section */

/* Begin XCRemoteSwiftPackageReference section */
		1AF0DD98AD792DCB82A4A8A9 /* XCRemoteSwiftPackageReference "Sparkle" */ = {
			isa = XCRemoteSwiftPackageReference;
			repositoryURL = "https://github.com/sparkle-project/Sparkle";
			requirement = {
				kind = exactVersion;
				version = 2.9.4;
			};
		};
/* End XCRemoteSwiftPackageReference section */

/* Begin XCSwiftPackageProductDependency section */
		E284163CFFA3CC2C71B3C1CC /* Sparkle */ = {
			isa = XCSwiftPackageProductDependency;
			package = 1AF0DD98AD792DCB82A4A8A9 /* XCRemoteSwiftPackageReference "Sparkle" */;
			productName = Sparkle;
		};
/* End XCSwiftPackageProductDependency section */
	};
	rootObject = D103937D0F66FBDD5681B141 /* Project object */;
}
